{
  "pins" : [
    {
      "identity" : "auth0.swift",
      "kind" : "remoteSourceControl",
      "location" : "https://github.com/auth0/Auth0.swift",
      "state" : {
        "revision" : "0d9c3f3241e3defad065409ac3a071ee1c5a7e8a",
        "version" : "2.9.0"
      }
    },
    {
      "identity" : "jwtdecode.swift",
      "kind" : "remoteSourceControl",
      "location" : "https://github.com/auth0/JWTDecode.swift.git",
      "state" : {
        "revision" : "1e153ef009969543191970c66b7c60163c0b4a65",
        "version" : "3.2.0"
      }
    },
    {
      "identity" : "keychainaccess",
      "kind" : "remoteSourceControl",
      "location" : "https://github.com/kishikawakatsumi/KeychainAccess.git",
      "state" : {
        "branch" : "master",
        "revision" : "e0c7eebc5a4465a3c4680764f26b7a61f567cdaf"
      }
    },
    {
      "identity" : "kingfisher",
      "kind" : "remoteSourceControl",
      "location" : "https://github.com/onevcat/Kingfisher.git",
      "state" : {
        "revision" : "33696a71dd4d71f1b0f781ade11a48ba5549581a",
        "version" : "8.0.3"
      }
    },
    {
      "identity" : "simplekeychain",
      "kind" : "remoteSourceControl",
      "location" : "https://github.com/auth0/SimpleKeychain.git",
      "state" : {
        "revision" : "b694f155907b189bc82e93586695a26f558c742f",
        "version" : "1.2.0"
      }
    }
  ],
  "version" : 2
}
