// !$*UTF8*$!
{
	archiveVersion = 1;
	classes = {
	};
	objectVersion = 56;
	objects = {

/* Begin PBXBuildFile section */
		97EE8E352CA5069800581459 /* Helper.swift in Sources */ = {isa = PBXBuildFile; fileRef = 97EE8E342CA5069800581459 /* Helper.swift */; };
		97EE8E372CA5088200581459 /* NewsDetailViewController.swift in Sources */ = {isa = PBXBuildFile; fileRef = 97EE8E362CA5088200581459 /* NewsDetailViewController.swift */; };
		97EE8E3A2CA50C0400581459 /* UIKit+Ext.swift in Sources */ = {isa = PBXBuildFile; fileRef = 97EE8E392CA50C0400581459 /* UIKit+Ext.swift */; };
		97EE8E422CA5311D00581459 /* ArticleCollectionView.swift in Sources */ = {isa = PBXBuildFile; fileRef = 97EE8E412CA5311D00581459 /* ArticleCollectionView.swift */; };
		97EE8E442CA5379000581459 /* ArticleListViewController.swift in Sources */ = {isa = PBXBuildFile; fileRef = 97EE8E432CA5379000581459 /* ArticleListViewController.swift */; };
		97EE8E472CA538CE00581459 /* NewsTarget.swift in Sources */ = {isa = PBXBuildFile; fileRef = 97EE8E462CA538CE00581459 /* NewsTarget.swift */; };
		97EE8E492CA5B9D100581459 /* RootViewController.swift in Sources */ = {isa = PBXBuildFile; fileRef = 97EE8E482CA5B9D100581459 /* RootViewController.swift */; };
		97EE8E4B2CA5DCA800581459 /* HeaderView.swift in Sources */ = {isa = PBXBuildFile; fileRef = 97EE8E4A2CA5DCA800581459 /* HeaderView.swift */; };
		97EE8E4D2CA6667900581459 /* spaceflightnewsapi.net.cer in Resources */ = {isa = PBXBuildFile; fileRef = 97EE8E4C2CA6658800581459 /* spaceflightnewsapi.net.cer */; };
		97EE8E4E2CA6668000581459 /* Prod.xcconfig in Resources */ = {isa = PBXBuildFile; fileRef = 97FD71292CA46234005C8D46 /* Prod.xcconfig */; };
		97EE8E502CA686A300581459 /* ArticleViewModel.swift in Sources */ = {isa = PBXBuildFile; fileRef = 97EE8E4F2CA686A300581459 /* ArticleViewModel.swift */; };
		97FD71122CA444FD005C8D46 /* AppDelegate.swift in Sources */ = {isa = PBXBuildFile; fileRef = 97FD71112CA444FD005C8D46 /* AppDelegate.swift */; };
		97FD71142CA444FD005C8D46 /* SceneDelegate.swift in Sources */ = {isa = PBXBuildFile; fileRef = 97FD71132CA444FD005C8D46 /* SceneDelegate.swift */; };
		97FD71162CA444FD005C8D46 /* ViewController.swift in Sources */ = {isa = PBXBuildFile; fileRef = 97FD71152CA444FD005C8D46 /* ViewController.swift */; };
		97FD71192CA444FD005C8D46 /* Main.storyboard in Resources */ = {isa = PBXBuildFile; fileRef = 97FD71172CA444FD005C8D46 /* Main.storyboard */; };
		97FD711B2CA444FE005C8D46 /* Assets.xcassets in Resources */ = {isa = PBXBuildFile; fileRef = 97FD711A2CA444FE005C8D46 /* Assets.xcassets */; };
		97FD711E2CA444FE005C8D46 /* LaunchScreen.storyboard in Resources */ = {isa = PBXBuildFile; fileRef = 97FD711C2CA444FE005C8D46 /* LaunchScreen.storyboard */; };
		97FD712B2CA4625A005C8D46 /* NetworkManager.swift in Sources */ = {isa = PBXBuildFile; fileRef = 97FD712A2CA4625A005C8D46 /* NetworkManager.swift */; };
		97FD712D2CA46278005C8D46 /* Constants.swift in Sources */ = {isa = PBXBuildFile; fileRef = 97FD712C2CA46278005C8D46 /* Constants.swift */; };
		97FD712F2CA464FD005C8D46 /* Article.swift in Sources */ = {isa = PBXBuildFile; fileRef = 97FD712E2CA464FD005C8D46 /* Article.swift */; };
		97FD71352CA4679C005C8D46 /* NewsViewModel.swift in Sources */ = {isa = PBXBuildFile; fileRef = 97FD71342CA4679C005C8D46 /* NewsViewModel.swift */; };
		97FD713D2CA4F023005C8D46 /* ThumbnailViewCell.swift in Sources */ = {isa = PBXBuildFile; fileRef = 97FD713C2CA4F023005C8D46 /* ThumbnailViewCell.swift */; };
		97FD71402CA4F84B005C8D46 /* Kingfisher in Frameworks */ = {isa = PBXBuildFile; productRef = 97FD713F2CA4F84B005C8D46 /* Kingfisher */; };
/* End PBXBuildFile section */

/* Begin PBXFileReference section */
		97EE8E342CA5069800581459 /* Helper.swift */ = {isa = PBXFileReference; lastKnownFileType = sourcecode.swift; path = Helper.swift; sourceTree = "<group>"; };
		97EE8E362CA5088200581459 /* NewsDetailViewController.swift */ = {isa = PBXFileReference; lastKnownFileType = sourcecode.swift; path = NewsDetailViewController.swift; sourceTree = "<group>"; };
		97EE8E392CA50C0400581459 /* UIKit+Ext.swift */ = {isa = PBXFileReference; lastKnownFileType = sourcecode.swift; path = "UIKit+Ext.swift"; sourceTree = "<group>"; };
		97EE8E412CA5311D00581459 /* ArticleCollectionView.swift */ = {isa = PBXFileReference; lastKnownFileType = sourcecode.swift; path = ArticleCollectionView.swift; sourceTree = "<group>"; };
		97EE8E432CA5379000581459 /* ArticleListViewController.swift */ = {isa = PBXFileReference; lastKnownFileType = sourcecode.swift; path = ArticleListViewController.swift; sourceTree = "<group>"; };
		97EE8E462CA538CE00581459 /* NewsTarget.swift */ = {isa = PBXFileReference; lastKnownFileType = sourcecode.swift; path = NewsTarget.swift; sourceTree = "<group>"; };
		97EE8E482CA5B9D100581459 /* RootViewController.swift */ = {isa = PBXFileReference; lastKnownFileType = sourcecode.swift; path = RootViewController.swift; sourceTree = "<group>"; };
		97EE8E4A2CA5DCA800581459 /* HeaderView.swift */ = {isa = PBXFileReference; lastKnownFileType = sourcecode.swift; path = HeaderView.swift; sourceTree = "<group>"; };
		97EE8E4C2CA6658800581459 /* spaceflightnewsapi.net.cer */ = {isa = PBXFileReference; lastKnownFileType = file; name = spaceflightnewsapi.net.cer; path = ../../../../../../Desktop/spaceflightnewsapi.net.cer; sourceTree = "<group>"; };
		97EE8E4F2CA686A300581459 /* ArticleViewModel.swift */ = {isa = PBXFileReference; lastKnownFileType = sourcecode.swift; path = ArticleViewModel.swift; sourceTree = "<group>"; };
		97FD710E2CA444FD005C8D46 /* NewsApp.app */ = {isa = PBXFileReference; explicitFileType = wrapper.application; includeInIndex = 0; path = NewsApp.app; sourceTree = BUILT_PRODUCTS_DIR; };
		97FD71112CA444FD005C8D46 /* AppDelegate.swift */ = {isa = PBXFileReference; lastKnownFileType = sourcecode.swift; path = AppDelegate.swift; sourceTree = "<group>"; };
		97FD71132CA444FD005C8D46 /* SceneDelegate.swift */ = {isa = PBXFileReference; lastKnownFileType = sourcecode.swift; path = SceneDelegate.swift; sourceTree = "<group>"; };
		97FD71152CA444FD005C8D46 /* ViewController.swift */ = {isa = PBXFileReference; lastKnownFileType = sourcecode.swift; path = ViewController.swift; sourceTree = "<group>"; };
		97FD71182CA444FD005C8D46 /* Base */ = {isa = PBXFileReference; lastKnownFileType = file.storyboard; name = Base; path = Base.lproj/Main.storyboard; sourceTree = "<group>"; };
		97FD711A2CA444FE005C8D46 /* Assets.xcassets */ = {isa = PBXFileReference; lastKnownFileType = folder.assetcatalog; path = Assets.xcassets; sourceTree = "<group>"; };
		97FD711D2CA444FE005C8D46 /* Base */ = {isa = PBXFileReference; lastKnownFileType = file.storyboard; name = Base; path = Base.lproj/LaunchScreen.storyboard; sourceTree = "<group>"; };
		97FD711F2CA444FE005C8D46 /* Info.plist */ = {isa = PBXFileReference; lastKnownFileType = text.plist.xml; path = Info.plist; sourceTree = "<group>"; };
		97FD71292CA46234005C8D46 /* Prod.xcconfig */ = {isa = PBXFileReference; lastKnownFileType = text.xcconfig; path = Prod.xcconfig; sourceTree = "<group>"; };
		97FD712A2CA4625A005C8D46 /* NetworkManager.swift */ = {isa = PBXFileReference; lastKnownFileType = sourcecode.swift; path = NetworkManager.swift; sourceTree = "<group>"; };
		97FD712C2CA46278005C8D46 /* Constants.swift */ = {isa = PBXFileReference; lastKnownFileType = sourcecode.swift; path = Constants.swift; sourceTree = "<group>"; };
		97FD712E2CA464FD005C8D46 /* Article.swift */ = {isa = PBXFileReference; lastKnownFileType = sourcecode.swift; path = Article.swift; sourceTree = "<group>"; };
		97FD71342CA4679C005C8D46 /* NewsViewModel.swift */ = {isa = PBXFileReference; lastKnownFileType = sourcecode.swift; path = NewsViewModel.swift; sourceTree = "<group>"; };
		97FD713C2CA4F023005C8D46 /* ThumbnailViewCell.swift */ = {isa = PBXFileReference; lastKnownFileType = sourcecode.swift; path = ThumbnailViewCell.swift; sourceTree = "<group>"; };
/* End PBXFileReference section */

/* Begin PBXFrameworksBuildPhase section */
		97FD710B2CA444FD005C8D46 /* Frameworks */ = {
			isa = PBXFrameworksBuildPhase;
			buildActionMask = 2147483647;
			files = (
				97FD71402CA4F84B005C8D46 /* Kingfisher in Frameworks */,
			);
			runOnlyForDeploymentPostprocessing = 0;
		};
/* End PBXFrameworksBuildPhase section */

/* Begin PBXGroup section */
		97EE8E332CA5068B00581459 /* Helper */ = {
			isa = PBXGroup;
			children = (
				97EE8E342CA5069800581459 /* Helper.swift */,
			);
			path = Helper;
			sourceTree = "<group>";
		};
		97EE8E382CA50BF700581459 /* Extensions */ = {
			isa = PBXGroup;
			children = (
				97EE8E392CA50C0400581459 /* UIKit+Ext.swift */,
			);
			path = Extensions;
			sourceTree = "<group>";
		};
		97EE8E3D2CA519D100581459 /* Components */ = {
			isa = PBXGroup;
			children = (
				97EE8E3E2CA519DB00581459 /* Cell */,
			);
			path = Components;
			sourceTree = "<group>";
		};
		97EE8E3E2CA519DB00581459 /* Cell */ = {
			isa = PBXGroup;
			children = (
				97FD713C2CA4F023005C8D46 /* ThumbnailViewCell.swift */,
				97EE8E4A2CA5DCA800581459 /* HeaderView.swift */,
			);
			path = Cell;
			sourceTree = "<group>";
		};
		97EE8E3F2CA530EE00581459 /* Module */ = {
			isa = PBXGroup;
			children = (
				97EE8E402CA530F500581459 /* Article */,
			);
			path = Module;
			sourceTree = "<group>";
		};
		97EE8E402CA530F500581459 /* Article */ = {
			isa = PBXGroup;
			children = (
				97EE8E412CA5311D00581459 /* ArticleCollectionView.swift */,
				97EE8E432CA5379000581459 /* ArticleListViewController.swift */,
			);
			path = Article;
			sourceTree = "<group>";
		};
		97EE8E452CA538C500581459 /* Domain */ = {
			isa = PBXGroup;
			children = (
				97FD71342CA4679C005C8D46 /* NewsViewModel.swift */,
				97FD71282CA461B4005C8D46 /* Model */,
				97EE8E462CA538CE00581459 /* NewsTarget.swift */,
				97EE8E4F2CA686A300581459 /* ArticleViewModel.swift */,
			);
			path = Domain;
			sourceTree = "<group>";
		};
		97FD71052CA444FD005C8D46 = {
			isa = PBXGroup;
			children = (
				97FD71102CA444FD005C8D46 /* NewsApp */,
				97FD710F2CA444FD005C8D46 /* Products */,
			);
			sourceTree = "<group>";
		};
		97FD710F2CA444FD005C8D46 /* Products */ = {
			isa = PBXGroup;
			children = (
				97FD710E2CA444FD005C8D46 /* NewsApp.app */,
			);
			name = Products;
			sourceTree = "<group>";
		};
		97FD71102CA444FD005C8D46 /* NewsApp */ = {
			isa = PBXGroup;
			children = (
				97EE8E452CA538C500581459 /* Domain */,
				97EE8E3F2CA530EE00581459 /* Module */,
				97EE8E3D2CA519D100581459 /* Components */,
				97EE8E382CA50BF700581459 /* Extensions */,
				97EE8E332CA5068B00581459 /* Helper */,
				97FD71292CA46234005C8D46 /* Prod.xcconfig */,
				97FD71272CA461A5005C8D46 /* Core */,
				97FD71112CA444FD005C8D46 /* AppDelegate.swift */,
				97EE8E4C2CA6658800581459 /* spaceflightnewsapi.net.cer */,
				97FD71132CA444FD005C8D46 /* SceneDelegate.swift */,
				97FD71152CA444FD005C8D46 /* ViewController.swift */,
				97FD71172CA444FD005C8D46 /* Main.storyboard */,
				97FD711A2CA444FE005C8D46 /* Assets.xcassets */,
				97FD711C2CA444FE005C8D46 /* LaunchScreen.storyboard */,
				97FD711F2CA444FE005C8D46 /* Info.plist */,
				97EE8E362CA5088200581459 /* NewsDetailViewController.swift */,
				97EE8E482CA5B9D100581459 /* RootViewController.swift */,
			);
			path = NewsApp;
			sourceTree = "<group>";
		};
		97FD71272CA461A5005C8D46 /* Core */ = {
			isa = PBXGroup;
			children = (
				97FD712A2CA4625A005C8D46 /* NetworkManager.swift */,
				97FD712C2CA46278005C8D46 /* Constants.swift */,
			);
			path = Core;
			sourceTree = "<group>";
		};
		97FD71282CA461B4005C8D46 /* Model */ = {
			isa = PBXGroup;
			children = (
				97FD712E2CA464FD005C8D46 /* Article.swift */,
			);
			path = Model;
			sourceTree = "<group>";
		};
/* End PBXGroup section */

/* Begin PBXNativeTarget section */
		97FD710D2CA444FD005C8D46 /* NewsApp */ = {
			isa = PBXNativeTarget;
			buildConfigurationList = 97FD71222CA444FE005C8D46 /* Build configuration list for PBXNativeTarget "NewsApp" */;
			buildPhases = (
				97FD710A2CA444FD005C8D46 /* Sources */,
				97FD710B2CA444FD005C8D46 /* Frameworks */,
				97FD710C2CA444FD005C8D46 /* Resources */,
			);
			buildRules = (
			);
			dependencies = (
			);
			name = NewsApp;
			packageProductDependencies = (
				97FD713F2CA4F84B005C8D46 /* Kingfisher */,
			);
			productName = NewsApp;
			productReference = 97FD710E2CA444FD005C8D46 /* NewsApp.app */;
			productType = "com.apple.product-type.application";
		};
/* End PBXNativeTarget section */

/* Begin PBXProject section */
		97FD71062CA444FD005C8D46 /* Project object */ = {
			isa = PBXProject;
			attributes = {
				BuildIndependentTargetsInParallel = 1;
				LastSwiftUpdateCheck = 1520;
				LastUpgradeCheck = 1520;
				TargetAttributes = {
					97FD710D2CA444FD005C8D46 = {
						CreatedOnToolsVersion = 15.2;
					};
				};
			};
			buildConfigurationList = 97FD71092CA444FD005C8D46 /* Build configuration list for PBXProject "NewsApp" */;
			compatibilityVersion = "Xcode 14.0";
			developmentRegion = en;
			hasScannedForEncodings = 0;
			knownRegions = (
				en,
				Base,
			);
			mainGroup = 97FD71052CA444FD005C8D46;
			packageReferences = (
				97FD713E2CA4F84B005C8D46 /* XCRemoteSwiftPackageReference "Kingfisher" */,
			);
			productRefGroup = 97FD710F2CA444FD005C8D46 /* Products */;
			projectDirPath = "";
			projectRoot = "";
			targets = (
				97FD710D2CA444FD005C8D46 /* NewsApp */,
			);
		};
/* End PBXProject section */

/* Begin PBXResourcesBuildPhase section */
		97FD710C2CA444FD005C8D46 /* Resources */ = {
			isa = PBXResourcesBuildPhase;
			buildActionMask = 2147483647;
			files = (
				97EE8E4D2CA6667900581459 /* spaceflightnewsapi.net.cer in Resources */,
				97FD711E2CA444FE005C8D46 /* LaunchScreen.storyboard in Resources */,
				97EE8E4E2CA6668000581459 /* Prod.xcconfig in Resources */,
				97FD711B2CA444FE005C8D46 /* Assets.xcassets in Resources */,
				97FD71192CA444FD005C8D46 /* Main.storyboard in Resources */,
			);
			runOnlyForDeploymentPostprocessing = 0;
		};
/* End PBXResourcesBuildPhase section */

/* Begin PBXSourcesBuildPhase section */
		97FD710A2CA444FD005C8D46 /* Sources */ = {
			isa = PBXSourcesBuildPhase;
			buildActionMask = 2147483647;
			files = (
				97EE8E372CA5088200581459 /* NewsDetailViewController.swift in Sources */,
				97EE8E492CA5B9D100581459 /* RootViewController.swift in Sources */,
				97EE8E352CA5069800581459 /* Helper.swift in Sources */,
				97FD712F2CA464FD005C8D46 /* Article.swift in Sources */,
				97FD71162CA444FD005C8D46 /* ViewController.swift in Sources */,
				97FD71122CA444FD005C8D46 /* AppDelegate.swift in Sources */,
				97FD712B2CA4625A005C8D46 /* NetworkManager.swift in Sources */,
				97FD71142CA444FD005C8D46 /* SceneDelegate.swift in Sources */,
				97FD713D2CA4F023005C8D46 /* ThumbnailViewCell.swift in Sources */,
				97EE8E442CA5379000581459 /* ArticleListViewController.swift in Sources */,
				97EE8E502CA686A300581459 /* ArticleViewModel.swift in Sources */,
				97EE8E3A2CA50C0400581459 /* UIKit+Ext.swift in Sources */,
				97FD712D2CA46278005C8D46 /* Constants.swift in Sources */,
				97FD71352CA4679C005C8D46 /* NewsViewModel.swift in Sources */,
				97EE8E422CA5311D00581459 /* ArticleCollectionView.swift in Sources */,
				97EE8E472CA538CE00581459 /* NewsTarget.swift in Sources */,
				97EE8E4B2CA5DCA800581459 /* HeaderView.swift in Sources */,
			);
			runOnlyForDeploymentPostprocessing = 0;
		};
/* End PBXSourcesBuildPhase section */

/* Begin PBXVariantGroup section */
		97FD71172CA444FD005C8D46 /* Main.storyboard */ = {
			isa = PBXVariantGroup;
			children = (
				97FD71182CA444FD005C8D46 /* Base */,
			);
			name = Main.storyboard;
			sourceTree = "<group>";
		};
		97FD711C2CA444FE005C8D46 /* LaunchScreen.storyboard */ = {
			isa = PBXVariantGroup;
			children = (
				97FD711D2CA444FE005C8D46 /* Base */,
			);
			name = LaunchScreen.storyboard;
			sourceTree = "<group>";
		};
/* End PBXVariantGroup section */

/* Begin XCBuildConfiguration section */
		97FD71202CA444FE005C8D46 /* Debug */ = {
			isa = XCBuildConfiguration;
			buildSettings = {
				ALWAYS_SEARCH_USER_PATHS = NO;
				ASSETCATALOG_COMPILER_GENERATE_SWIFT_ASSET_SYMBOL_EXTENSIONS = YES;
				CLANG_ANALYZER_NONNULL = YES;
				CLANG_ANALYZER_NUMBER_OBJECT_CONVERSION = YES_AGGRESSIVE;
				CLANG_CXX_LANGUAGE_STANDARD = "gnu++20";
				CLANG_ENABLE_MODULES = YES;
				CLANG_ENABLE_OBJC_ARC = YES;
				CLANG_ENABLE_OBJC_WEAK = YES;
				CLANG_WARN_BLOCK_CAPTURE_AUTORELEASING = YES;
				CLANG_WARN_BOOL_CONVERSION = YES;
				CLANG_WARN_COMMA = YES;
				CLANG_WARN_CONSTANT_CONVERSION = YES;
				CLANG_WARN_DEPRECATED_OBJC_IMPLEMENTATIONS = YES;
				CLANG_WARN_DIRECT_OBJC_ISA_USAGE = YES_ERROR;
				CLANG_WARN_DOCUMENTATION_COMMENTS = YES;
				CLANG_WARN_EMPTY_BODY = YES;
				CLANG_WARN_ENUM_CONVERSION = YES;
				CLANG_WARN_INFINITE_RECURSION = YES;
				CLANG_WARN_INT_CONVERSION = YES;
				CLANG_WARN_NON_LITERAL_NULL_CONVERSION = YES;
				CLANG_WARN_OBJC_IMPLICIT_RETAIN_SELF = YES;
				CLANG_WARN_OBJC_LITERAL_CONVERSION = YES;
				CLANG_WARN_OBJC_ROOT_CLASS = YES_ERROR;
				CLANG_WARN_QUOTED_INCLUDE_IN_FRAMEWORK_HEADER = YES;
				CLANG_WARN_RANGE_LOOP_ANALYSIS = YES;
				CLANG_WARN_STRICT_PROTOTYPES = YES;
				CLANG_WARN_SUSPICIOUS_MOVE = YES;
				CLANG_WARN_UNGUARDED_AVAILABILITY = YES_AGGRESSIVE;
				CLANG_WARN_UNREACHABLE_CODE = YES;
				CLANG_WARN__DUPLICATE_METHOD_MATCH = YES;
				COPY_PHASE_STRIP = NO;
				DEBUG_INFORMATION_FORMAT = dwarf;
				ENABLE_STRICT_OBJC_MSGSEND = YES;
				ENABLE_TESTABILITY = YES;
				ENABLE_USER_SCRIPT_SANDBOXING = YES;
				GCC_C_LANGUAGE_STANDARD = gnu17;
				GCC_DYNAMIC_NO_PIC = NO;
				GCC_NO_COMMON_BLOCKS = YES;
				GCC_OPTIMIZATION_LEVEL = 0;
				GCC_PREPROCESSOR_DEFINITIONS = (
					"DEBUG=1",
					"$(inherited)",
				);
				GCC_WARN_64_TO_32_BIT_CONVERSION = YES;
				GCC_WARN_ABOUT_RETURN_TYPE = YES_ERROR;
				GCC_WARN_UNDECLARED_SELECTOR = YES;
				GCC_WARN_UNINITIALIZED_AUTOS = YES_AGGRESSIVE;
				GCC_WARN_UNUSED_FUNCTION = YES;
				GCC_WARN_UNUSED_VARIABLE = YES;
				IPHONEOS_DEPLOYMENT_TARGET = 17.2;
				LOCALIZATION_PREFERS_STRING_CATALOGS = YES;
				MTL_ENABLE_DEBUG_INFO = INCLUDE_SOURCE;
				MTL_FAST_MATH = YES;
				ONLY_ACTIVE_ARCH = YES;
				SDKROOT = iphoneos;
				SWIFT_ACTIVE_COMPILATION_CONDITIONS = "DEBUG $(inherited)";
				SWIFT_OPTIMIZATION_LEVEL = "-Onone";
			};
			name = Debug;
		};
		97FD71212CA444FE005C8D46 /* Release */ = {
			isa = XCBuildConfiguration;
			buildSettings = {
				ALWAYS_SEARCH_USER_PATHS = NO;
				ASSETCATALOG_COMPILER_GENERATE_SWIFT_ASSET_SYMBOL_EXTENSIONS = YES;
				CLANG_ANALYZER_NONNULL = YES;
				CLANG_ANALYZER_NUMBER_OBJECT_CONVERSION = YES_AGGRESSIVE;
				CLANG_CXX_LANGUAGE_STANDARD = "gnu++20";
				CLANG_ENABLE_MODULES = YES;
				CLANG_ENABLE_OBJC_ARC = YES;
				CLANG_ENABLE_OBJC_WEAK = YES;
				CLANG_WARN_BLOCK_CAPTURE_AUTORELEASING = YES;
				CLANG_WARN_BOOL_CONVERSION = YES;
				CLANG_WARN_COMMA = YES;
				CLANG_WARN_CONSTANT_CONVERSION = YES;
				CLANG_WARN_DEPRECATED_OBJC_IMPLEMENTATIONS = YES;
				CLANG_WARN_DIRECT_OBJC_ISA_USAGE = YES_ERROR;
				CLANG_WARN_DOCUMENTATION_COMMENTS = YES;
				CLANG_WARN_EMPTY_BODY = YES;
				CLANG_WARN_ENUM_CONVERSION = YES;
				CLANG_WARN_INFINITE_RECURSION = YES;
				CLANG_WARN_INT_CONVERSION = YES;
				CLANG_WARN_NON_LITERAL_NULL_CONVERSION = YES;
				CLANG_WARN_OBJC_IMPLICIT_RETAIN_SELF = YES;
				CLANG_WARN_OBJC_LITERAL_CONVERSION = YES;
				CLANG_WARN_OBJC_ROOT_CLASS = YES_ERROR;
				CLANG_WARN_QUOTED_INCLUDE_IN_FRAMEWORK_HEADER = YES;
				CLANG_WARN_RANGE_LOOP_ANALYSIS = YES;
				CLANG_WARN_STRICT_PROTOTYPES = YES;
				CLANG_WARN_SUSPICIOUS_MOVE = YES;
				CLANG_WARN_UNGUARDED_AVAILABILITY = YES_AGGRESSIVE;
				CLANG_WARN_UNREACHABLE_CODE = YES;
				CLANG_WARN__DUPLICATE_METHOD_MATCH = YES;
				COPY_PHASE_STRIP = NO;
				DEBUG_INFORMATION_FORMAT = "dwarf-with-dsym";
				ENABLE_NS_ASSERTIONS = NO;
				ENABLE_STRICT_OBJC_MSGSEND = YES;
				ENABLE_USER_SCRIPT_SANDBOXING = YES;
				GCC_C_LANGUAGE_STANDARD = gnu17;
				GCC_NO_COMMON_BLOCKS = YES;
				GCC_WARN_64_TO_32_BIT_CONVERSION = YES;
				GCC_WARN_ABOUT_RETURN_TYPE = YES_ERROR;
				GCC_WARN_UNDECLARED_SELECTOR = YES;
				GCC_WARN_UNINITIALIZED_AUTOS = YES_AGGRESSIVE;
				GCC_WARN_UNUSED_FUNCTION = YES;
				GCC_WARN_UNUSED_VARIABLE = YES;
				IPHONEOS_DEPLOYMENT_TARGET = 17.2;
				LOCALIZATION_PREFERS_STRING_CATALOGS = YES;
				MTL_ENABLE_DEBUG_INFO = NO;
				MTL_FAST_MATH = YES;
				SDKROOT = iphoneos;
				SWIFT_COMPILATION_MODE = wholemodule;
				VALIDATE_PRODUCT = YES;
			};
			name = Release;
		};
		97FD71232CA444FE005C8D46 /* Debug */ = {
			isa = XCBuildConfiguration;
			baseConfigurationReference = 97FD71292CA46234005C8D46 /* Prod.xcconfig */;
			buildSettings = {
				ASSETCATALOG_COMPILER_APPICON_NAME = AppIcon;
				ASSETCATALOG_COMPILER_GLOBAL_ACCENT_COLOR_NAME = AccentColor;
				CODE_SIGN_STYLE = Automatic;
				CURRENT_PROJECT_VERSION = 1;
				GENERATE_INFOPLIST_FILE = YES;
				INFOPLIST_FILE = NewsApp/Info.plist;
				INFOPLIST_KEY_UIApplicationSupportsIndirectInputEvents = YES;
				INFOPLIST_KEY_UILaunchStoryboardName = LaunchScreen;
				INFOPLIST_KEY_UIMainStoryboardFile = Main;
				INFOPLIST_KEY_UISupportedInterfaceOrientations_iPad = "UIInterfaceOrientationPortrait UIInterfaceOrientationPortraitUpsideDown UIInterfaceOrientationLandscapeLeft UIInterfaceOrientationLandscapeRight";
				INFOPLIST_KEY_UISupportedInterfaceOrientations_iPhone = "UIInterfaceOrientationPortrait UIInterfaceOrientationLandscapeLeft UIInterfaceOrientationLandscapeRight";
				LD_RUNPATH_SEARCH_PATHS = (
					"$(inherited)",
					"@executable_path/Frameworks",
				);
				MARKETING_VERSION = 1.0;
				PRODUCT_BUNDLE_IDENTIFIER = com.example.NewsApp;
				PRODUCT_NAME = "$(TARGET_NAME)";
				SWIFT_EMIT_LOC_STRINGS = YES;
				SWIFT_VERSION = 5.0;
				TARGETED_DEVICE_FAMILY = "1,2";
			};
			name = Debug;
		};
		97FD71242CA444FE005C8D46 /* Release */ = {
			isa = XCBuildConfiguration;
			baseConfigurationReference = 97FD71292CA46234005C8D46 /* Prod.xcconfig */;
			buildSettings = {
				ASSETCATALOG_COMPILER_APPICON_NAME = AppIcon;
				ASSETCATALOG_COMPILER_GLOBAL_ACCENT_COLOR_NAME = AccentColor;
				CODE_SIGN_STYLE = Automatic;
				CURRENT_PROJECT_VERSION = 1;
				GENERATE_INFOPLIST_FILE = YES;
				INFOPLIST_FILE = NewsApp/Info.plist;
				INFOPLIST_KEY_UIApplicationSupportsIndirectInputEvents = YES;
				INFOPLIST_KEY_UILaunchStoryboardName = LaunchScreen;
				INFOPLIST_KEY_UIMainStoryboardFile = Main;
				INFOPLIST_KEY_UISupportedInterfaceOrientations_iPad = "UIInterfaceOrientationPortrait UIInterfaceOrientationPortraitUpsideDown UIInterfaceOrientationLandscapeLeft UIInterfaceOrientationLandscapeRight";
				INFOPLIST_KEY_UISupportedInterfaceOrientations_iPhone = "UIInterfaceOrientationPortrait UIInterfaceOrientationLandscapeLeft UIInterfaceOrientationLandscapeRight";
				LD_RUNPATH_SEARCH_PATHS = (
					"$(inherited)",
					"@executable_path/Frameworks",
				);
				MARKETING_VERSION = 1.0;
				PRODUCT_BUNDLE_IDENTIFIER = com.example.NewsApp;
				PRODUCT_NAME = "$(TARGET_NAME)";
				SWIFT_EMIT_LOC_STRINGS = YES;
				SWIFT_VERSION = 5.0;
				TARGETED_DEVICE_FAMILY = "1,2";
			};
			name = Release;
		};
/* End XCBuildConfiguration section */

/* Begin XCConfigurationList section */
		97FD71092CA444FD005C8D46 /* Build configuration list for PBXProject "NewsApp" */ = {
			isa = XCConfigurationList;
			buildConfigurations = (
				97FD71202CA444FE005C8D46 /* Debug */,
				97FD71212CA444FE005C8D46 /* Release */,
			);
			defaultConfigurationIsVisible = 0;
			defaultConfigurationName = Release;
		};
		97FD71222CA444FE005C8D46 /* Build configuration list for PBXNativeTarget "NewsApp" */ = {
			isa = XCConfigurationList;
			buildConfigurations = (
				97FD71232CA444FE005C8D46 /* Debug */,
				97FD71242CA444FE005C8D46 /* Release */,
			);
			defaultConfigurationIsVisible = 0;
			defaultConfigurationName = Release;
		};
/* End XCConfigurationList section */

/* Begin XCRemoteSwiftPackageReference section */
		97FD713E2CA4F84B005C8D46 /* XCRemoteSwiftPackageReference "Kingfisher" */ = {
			isa = XCRemoteSwiftPackageReference;
			repositoryURL = "https://github.com/onevcat/Kingfisher.git";
			requirement = {
				kind = upToNextMajorVersion;
				minimumVersion = 8.0.3;
			};
		};
/* End XCRemoteSwiftPackageReference section */

/* Begin XCSwiftPackageProductDependency section */
		97FD713F2CA4F84B005C8D46 /* Kingfisher */ = {
			isa = XCSwiftPackageProductDependency;
			package = 97FD713E2CA4F84B005C8D46 /* XCRemoteSwiftPackageReference "Kingfisher" */;
			productName = Kingfisher;
		};
/* End XCSwiftPackageProductDependency section */
	};
	rootObject = 97FD71062CA444FD005C8D46 /* Project object */;
}
